{
  "pins" : [
    {
      "identity" : "swiftmockzilla",
      "kind" : "remoteSourceControl",
      "location" : "https://github.com/Apadmi-Engineering/SwiftMockzilla.git",
      "state" : {
        "revision" : "7cd0ead416048f2f8f6799171f69e2e4cd7ab721",
        "version" : "4.0.0"
      }
    }
  ],
  "version" : 2
}
