{
  "pins" : [
    {
      "identity" : "swiftmockzilla",
      "kind" : "remoteSourceControl",
      "location" : "https://github.com/Apadmi-Engineering/SwiftMockzilla.git",
      "state" : {
        "revision" : "2370fcd6b7d883baed58f6faed0b9a2a903faee1",
        "version" : "0.5.0"
      }
    }
  ],
  "version" : 2
}
