{
  "pins" : [
    {
      "identity" : "swiftmockzilla",
      "kind" : "remoteSourceControl",
      "location" : "https://github.com/Apadmi-Engineering/SwiftMockzilla.git",
      "state" : {
        "revision" : "56a928d919f9bfe43d6bd33f279ebdfda78462c1",
        "version" : "4.0.0-alpha1"
      }
    }
  ],
  "version" : 2
}
