{
  "originHash" : "c02918196e846babc463f847316a57252d01c193aa36cd8b60bf50004643ce11",
  "pins" : [
    {
      "identity" : "swiftmockzilla",
      "kind" : "remoteSourceControl",
      "location" : "https://github.com/Apadmi-Engineering/SwiftMockzilla",
      "state" : {
        "revision" : "f0ea0c072281e33ed4aa4f4315be3e368d73ed88"
      }
    },
    {
      "identity" : "swiftmockzillamobileui",
      "kind" : "remoteSourceControl",
      "location" : "https://github.com/Apadmi-Engineering/SwiftMockzillaMobileUi/",
      "state" : {
        "revision" : "2c40647db605fdb5f960a756c9fd568bbe3b338e"
      }
    }
  ],
  "version" : 3
}
