PODS:
  - Flutter (1.0.0)
  - mockzilla_ios (0.0.1):
    - Flutter
    - SwiftMockzilla (= 2.1.3)
  - SwiftMockzilla (2.1.3)

DEPENDENCIES:
  - Flutter (from `Flutter`)
  - mockzilla_ios (from `.symlinks/plugins/mockzilla_ios/ios`)

SPEC REPOS:
  trunk:
    - SwiftMockzilla

EXTERNAL SOURCES:
  Flutter:
    :path: Flutter
  mockzilla_ios:
    :path: ".symlinks/plugins/mockzilla_ios/ios"

SPEC CHECKSUMS:
  Flutter: e0871f40cf51350855a761d2e70bf5af5b9b5de7
  mockzilla_ios: e05414bb2bca4b44bdbbd1ab420d9cc1a0634f0f
  SwiftMockzilla: 7e6b62a09bea9ea6d7287db510cc05eb538f6216

PODFILE CHECKSUM: 819463e6a0290f5a72f145ba7cde16e8b6ef0796

COCOAPODS: 1.16.2
