PODS:
  - Flutter (1.0.0)
  - mockzilla_ios (0.0.1):
    - Flutter
    - SwiftMockzilla (= 3.0.0-alpha2)
  - SwiftMockzilla (3.0.0-alpha2)

DEPENDENCIES:
  - Flutter (from `Flutter`)
  - mockzilla_ios (from `.symlinks/plugins/mockzilla_ios/ios`)

SPEC REPOS:
  trunk:
    - SwiftMockzilla

EXTERNAL SOURCES:
  Flutter:
    :path: Flutter
  mockzilla_ios:
    :path: ".symlinks/plugins/mockzilla_ios/ios"

SPEC CHECKSUMS:
  Flutter: cabc95a1d2626b1b06e7179b784ebcf0c0cde467
  mockzilla_ios: 63745f83d5bd479f71758ccea2459ea207c7ddc6
  SwiftMockzilla: 104d3596faed2322f04a287ccd343771127014e8

PODFILE CHECKSUM: 4f1c12611da7338d21589c0b2ecd6bd20b109694

COCOAPODS: 1.16.2
