PODS:
  - Flutter (1.0.0)
  - mockzilla_ios (0.0.1):
    - Flutter
    - SwiftMockzilla (= 2.4.1)
  - mockzilla_ui_mobile (0.0.3):
    - Flutter
    - SwiftMockzillaMobileUi (= 0.0.3)
  - SwiftMockzilla (2.4.1)
  - SwiftMockzillaMobileUi (0.0.3)

DEPENDENCIES:
  - Flutter (from `Flutter`)
  - mockzilla_ios (from `.symlinks/plugins/mockzilla_ios/ios`)
  - mockzilla_ui_mobile (from `.symlinks/plugins/mockzilla_ui_mobile/ios`)

SPEC REPOS:
  trunk:
    - SwiftMockzilla
    - SwiftMockzillaMobileUi

EXTERNAL SOURCES:
  Flutter:
    :path: Flutter
  mockzilla_ios:
    :path: ".symlinks/plugins/mockzilla_ios/ios"
  mockzilla_ui_mobile:
    :path: ".symlinks/plugins/mockzilla_ui_mobile/ios"

SPEC CHECKSUMS:
  Flutter: cabc95a1d2626b1b06e7179b784ebcf0c0cde467
  mockzilla_ios: aff11ce1af23c04024b5cf41fb9f4d14b9438735
  mockzilla_ui_mobile: 4f49185e9b7670d9cc11fdad6947fd5f53038d17
  SwiftMockzilla: d1040d55169fe2f413991f5dcab56427ae260416
  SwiftMockzillaMobileUi: 7394734340acec411190fcd1802d40f80fbd8db7

PODFILE CHECKSUM: 4f1c12611da7338d21589c0b2ecd6bd20b109694

COCOAPODS: 1.16.2
