PODS:
  - Flutter (1.0.0)
  - mockzilla_ios (0.0.1):
    - Flutter
    - SwiftMockzilla (= 3.0.0-alpha1)
  - mockzilla_ui_mobile (0.0.7):
    - Flutter
    - SwiftMockzillaMobileUi (= 0.0.7)
  - SwiftMockzilla (3.0.0-alpha1)
  - SwiftMockzillaMobileUi (0.0.7)

DEPENDENCIES:
  - Flutter (from `Flutter`)
  - mockzilla_ios (from `.symlinks/plugins/mockzilla_ios/ios`)
  - mockzilla_ui_mobile (from `.symlinks/plugins/mockzilla_ui_mobile/ios`)

SPEC REPOS:
  trunk:
    - SwiftMockzilla
    - SwiftMockzillaMobileUi

EXTERNAL SOURCES:
  Flutter:
    :path: Flutter
  mockzilla_ios:
    :path: ".symlinks/plugins/mockzilla_ios/ios"
  mockzilla_ui_mobile:
    :path: ".symlinks/plugins/mockzilla_ui_mobile/ios"

SPEC CHECKSUMS:
  Flutter: cabc95a1d2626b1b06e7179b784ebcf0c0cde467
  mockzilla_ios: 03a44abc736a13fc99576169707fcb1fbb62ec69
  mockzilla_ui_mobile: 09e23300706bf46e5450cbc2d505396174836a85
  SwiftMockzilla: e1415c8b30a3d1c097c4a1051668ae912b61a68d
  SwiftMockzillaMobileUi: 1949158cd17a1e4f907735c9e85dfbdbc5ed7f04

PODFILE CHECKSUM: 4f1c12611da7338d21589c0b2ecd6bd20b109694

COCOAPODS: 1.16.2
