PODS:
  - Flutter (1.0.0)
  - mockzilla_ios (0.0.1):
    - Flutter
    - SwiftMockzilla (= 2.0.0)
  - SwiftMockzilla (2.0.0)

DEPENDENCIES:
  - Flutter (from `Flutter`)
  - mockzilla_ios (from `.symlinks/plugins/mockzilla_ios/ios`)

SPEC REPOS:
  trunk:
    - SwiftMockzilla

EXTERNAL SOURCES:
  Flutter:
    :path: Flutter
  mockzilla_ios:
    :path: ".symlinks/plugins/mockzilla_ios/ios"

SPEC CHECKSUMS:
  Flutter: e0871f40cf51350855a761d2e70bf5af5b9b5de7
  mockzilla_ios: 85c675ea8618064040c8f0600a752b845332e259
  SwiftMockzilla: b509661d18063eaa240f42d208ca228c935f4099

PODFILE CHECKSUM: 819463e6a0290f5a72f145ba7cde16e8b6ef0796

COCOAPODS: 1.15.2
